
Microsoft Visual Studio Solution File, Format Version 12.00
# Visual Studio Version 16
VisualStudioVersion = 16.0.31613.86
MinimumVisualStudioVersion = 10.0.40219.1
Project("{FAE04EC0-301F-11D3-BF4B-00C04F79EFBC}") = "Challenge1_KomodoCafe", "Challenge1_KomodoCafe\Challenge1_KomodoCafe.csproj", "{AF5B4F0E-30D8-46E2-845B-6410F1684C6B}"
EndProject
Project("{FAE04EC0-301F-11D3-BF4B-00C04F79EFBC}") = "Challenge2_KomodoClaimsDepartment", "Challenge2_KomodoClaimsDepartment\Challenge2_KomodoClaimsDepartment.csproj", "{1D0F25E6-2042-481D-82A0-D0EE04A98DCC}"
EndProject
Project("{FAE04EC0-301F-11D3-BF4B-00C04F79EFBC}") = "Challenge3_KomodoInsuranceBadges", "Challenge3_KomodoInsuranceBadges\Challenge3_KomodoInsuranceBadges.csproj", "{2DACF282-45A5-4396-86AC-B4F6F6EBC16A}"
EndProject
Global
	GlobalSection(SolutionConfigurationPlatforms) = preSolution
		Debug|Any CPU = Debug|Any CPU
		Release|Any CPU = Release|Any CPU
	EndGlobalSection
	GlobalSection(ProjectConfigurationPlatforms) = postSolution
		{AF5B4F0E-30D8-46E2-845B-6410F1684C6B}.Debug|Any CPU.ActiveCfg = Debug|Any CPU
		{AF5B4F0E-30D8-46E2-845B-6410F1684C6B}.Debug|Any CPU.Build.0 = Debug|Any CPU
		{AF5B4F0E-30D8-46E2-845B-6410F1684C6B}.Release|Any CPU.ActiveCfg = Release|Any CPU
		{AF5B4F0E-30D8-46E2-845B-6410F1684C6B}.Release|Any CPU.Build.0 = Release|Any CPU
		{1D0F25E6-2042-481D-82A0-D0EE04A98DCC}.Debug|Any CPU.ActiveCfg = Debug|Any CPU
		{1D0F25E6-2042-481D-82A0-D0EE04A98DCC}.Debug|Any CPU.Build.0 = Debug|Any CPU
		{1D0F25E6-2042-481D-82A0-D0EE04A98DCC}.Release|Any CPU.ActiveCfg = Release|Any CPU
		{1D0F25E6-2042-481D-82A0-D0EE04A98DCC}.Release|Any CPU.Build.0 = Release|Any CPU
		{2DACF282-45A5-4396-86AC-B4F6F6EBC16A}.Debug|Any CPU.ActiveCfg = Debug|Any CPU
		{2DACF282-45A5-4396-86AC-B4F6F6EBC16A}.Debug|Any CPU.Build.0 = Debug|Any CPU
		{2DACF282-45A5-4396-86AC-B4F6F6EBC16A}.Release|Any CPU.ActiveCfg = Release|Any CPU
		{2DACF282-45A5-4396-86AC-B4F6F6EBC16A}.Release|Any CPU.Build.0 = Release|Any CPU
	EndGlobalSection
	GlobalSection(SolutionProperties) = preSolution
		HideSolutionNode = FALSE
	EndGlobalSection
	GlobalSection(ExtensibilityGlobals) = postSolution
		SolutionGuid = {282C90CB-E697-4D46-8E5E-5B0F84371524}
	EndGlobalSection
EndGlobal
